
Microsoft Visual Studio Solution File, Format Version 12.00
# Visual Studio Version 17
VisualStudioVersion = 17.9.34728.123
MinimumVisualStudioVersion = 10.0.40219.1
Project("{9A19103F-16F7-4668-BE54-9A1E7A4F7556}") = "Facens.Business", "src\Facens.Business\Facens.Business.csproj", "{22DE6CBD-CB80-432D-A401-E3CE4D2E22E8}"
EndProject
Project("{9A19103F-16F7-4668-BE54-9A1E7A4F7556}") = "Facens.Data", "src\Facens.Data\Facens.Data.csproj", "{6E59490E-9491-401D-B2AB-B068FE03C0FF}"
EndProject
Project("{FAE04EC0-301F-11D3-BF4B-00C04F79EFBC}") = "Facens.Api", "src\Facens.Api\Facens.Api.csproj", "{93F2D807-D511-4870-A096-7B5E089CC91A}"
EndProject
Global
	GlobalSection(SolutionConfigurationPlatforms) = preSolution
		Debug|Any CPU = Debug|Any CPU
		Release|Any CPU = Release|Any CPU
	EndGlobalSection
	GlobalSection(ProjectConfigurationPlatforms) = postSolution
		{22DE6CBD-CB80-432D-A401-E3CE4D2E22E8}.Debug|Any CPU.ActiveCfg = Debug|Any CPU
		{22DE6CBD-CB80-432D-A401-E3CE4D2E22E8}.Debug|Any CPU.Build.0 = Debug|Any CPU
		{22DE6CBD-CB80-432D-A401-E3CE4D2E22E8}.Release|Any CPU.ActiveCfg = Release|Any CPU
		{22DE6CBD-CB80-432D-A401-E3CE4D2E22E8}.Release|Any CPU.Build.0 = Release|Any CPU
		{6E59490E-9491-401D-B2AB-B068FE03C0FF}.Debug|Any CPU.ActiveCfg = Debug|Any CPU
		{6E59490E-9491-401D-B2AB-B068FE03C0FF}.Debug|Any CPU.Build.0 = Debug|Any CPU
		{6E59490E-9491-401D-B2AB-B068FE03C0FF}.Release|Any CPU.ActiveCfg = Release|Any CPU
		{6E59490E-9491-401D-B2AB-B068FE03C0FF}.Release|Any CPU.Build.0 = Release|Any CPU
		{93F2D807-D511-4870-A096-7B5E089CC91A}.Debug|Any CPU.ActiveCfg = Debug|Any CPU
		{93F2D807-D511-4870-A096-7B5E089CC91A}.Debug|Any CPU.Build.0 = Debug|Any CPU
		{93F2D807-D511-4870-A096-7B5E089CC91A}.Release|Any CPU.ActiveCfg = Release|Any CPU
		{93F2D807-D511-4870-A096-7B5E089CC91A}.Release|Any CPU.Build.0 = Release|Any CPU
	EndGlobalSection
	GlobalSection(SolutionProperties) = preSolution
		HideSolutionNode = FALSE
	EndGlobalSection
	GlobalSection(ExtensibilityGlobals) = postSolution
		SolutionGuid = {F648D9B1-21CD-4415-9334-A1F1C9BB5307}
	EndGlobalSection
EndGlobal
